
Microsoft Visual Studio Solution File, Format Version 12.00
# Visual Studio Version 17
VisualStudioVersion = 17.14.36518.9 d17.14
MinimumVisualStudioVersion = 10.0.40219.1
Project("{FAE04EC0-301F-11D3-BF4B-00C04F79EFBC}") = "ModbusTester", "ModbusTester\ModbusTester.csproj", "{32BC5045-F323-4CAF-863A-AC024BB80ED3}"
EndProject
Global
	GlobalSection(SolutionConfigurationPlatforms) = preSolution
		Debug|Any CPU = Debug|Any CPU
		Release|Any CPU = Release|Any CPU
	EndGlobalSection
	GlobalSection(ProjectConfigurationPlatforms) = postSolution
		{32BC5045-F323-4CAF-863A-AC024BB80ED3}.Debug|Any CPU.ActiveCfg = Debug|Any CPU
		{32BC5045-F323-4CAF-863A-AC024BB80ED3}.Debug|Any CPU.Build.0 = Debug|Any CPU
		{32BC5045-F323-4CAF-863A-AC024BB80ED3}.Release|Any CPU.ActiveCfg = Release|Any CPU
		{32BC5045-F323-4CAF-863A-AC024BB80ED3}.Release|Any CPU.Build.0 = Release|Any CPU
	EndGlobalSection
	GlobalSection(SolutionProperties) = preSolution
		HideSolutionNode = FALSE
	EndGlobalSection
	GlobalSection(ExtensibilityGlobals) = postSolution
		SolutionGuid = {D651BD0B-C363-476E-9515-C0568D1AC6C0}
	EndGlobalSection
EndGlobal
